// !$*UTF8*$!
{
	archiveVersion = 1;
	classes = {
	};
	objectVersion = 50;
	objects = {

/* Begin PBXBuildFile section */
		3364B58C2678FD3A0066A0D0 /* AppDelegate.swift in Sources */ = {isa = PBXBuildFile; fileRef = 3364B58B2678FD3A0066A0D0 /* AppDelegate.swift */; };
		3364B58E2678FD3A0066A0D0 /* SceneDelegate.swift in Sources */ = {isa = PBXBuildFile; fileRef = 3364B58D2678FD3A0066A0D0 /* SceneDelegate.swift */; };
		3364B5902678FD3A0066A0D0 /* ViewController.swift in Sources */ = {isa = PBXBuildFile; fileRef = 3364B58F2678FD3A0066A0D0 /* ViewController.swift */; };
		3364B5932678FD3A0066A0D0 /* Main.storyboard in Resources */ = {isa = PBXBuildFile; fileRef = 3364B5912678FD3A0066A0D0 /* Main.storyboard */; };
		3364B5962678FD3A0066A0D0 /* createTable.xcdatamodeld in Sources */ = {isa = PBXBuildFile; fileRef = 3364B5942678FD3A0066A0D0 /* createTable.xcdatamodeld */; };
		3364B5982678FD3B0066A0D0 /* Assets.xcassets in Resources */ = {isa = PBXBuildFile; fileRef = 3364B5972678FD3B0066A0D0 /* Assets.xcassets */; };
		3364B59B2678FD3B0066A0D0 /* LaunchScreen.storyboard in Resources */ = {isa = PBXBuildFile; fileRef = 3364B5992678FD3B0066A0D0 /* LaunchScreen.storyboard */; };
/* End PBXBuildFile section */

/* Begin PBXFileReference section */
		3364B5882678FD3A0066A0D0 /* createTable.app */ = {isa = PBXFileReference; explicitFileType = wrapper.application; includeInIndex = 0; path = createTable.app; sourceTree = BUILT_PRODUCTS_DIR; };
		3364B58B2678FD3A0066A0D0 /* AppDelegate.swift */ = {isa = PBXFileReference; lastKnownFileType = sourcecode.swift; path = AppDelegate.swift; sourceTree = "<group>"; };
		3364B58D2678FD3A0066A0D0 /* SceneDelegate.swift */ = {isa = PBXFileReference; lastKnownFileType = sourcecode.swift; path = SceneDelegate.swift; sourceTree = "<group>"; };
		3364B58F2678FD3A0066A0D0 /* ViewController.swift */ = {isa = PBXFileReference; lastKnownFileType = sourcecode.swift; path = ViewController.swift; sourceTree = "<group>"; };
		3364B5922678FD3A0066A0D0 /* Base */ = {isa = PBXFileReference; lastKnownFileType = file.storyboard; name = Base; path = Base.lproj/Main.storyboard; sourceTree = "<group>"; };
		3364B5952678FD3A0066A0D0 /* createTable.xcdatamodel */ = {isa = PBXFileReference; lastKnownFileType = wrapper.xcdatamodel; path = createTable.xcdatamodel; sourceTree = "<group>"; };
		3364B5972678FD3B0066A0D0 /* Assets.xcassets */ = {isa = PBXFileReference; lastKnownFileType = folder.assetcatalog; path = Assets.xcassets; sourceTree = "<group>"; };
		3364B59A2678FD3B0066A0D0 /* Base */ = {isa = PBXFileReference; lastKnownFileType = file.storyboard; name = Base; path = Base.lproj/LaunchScreen.storyboard; sourceTree = "<group>"; };
		3364B59C2678FD3B0066A0D0 /* Info.plist */ = {isa = PBXFileReference; lastKnownFileType = text.plist.xml; path = Info.plist; sourceTree = "<group>"; };
/* End PBXFileReference section */

/* Begin PBXFrameworksBuildPhase section */
		3364B5852678FD3A0066A0D0 /* Frameworks */ = {
			isa = PBXFrameworksBuildPhase;
			buildActionMask = 2147483647;
			files = (
			);
			runOnlyForDeploymentPostprocessing = 0;
		};
/* End PBXFrameworksBuildPhase section */

/* Begin PBXGroup section */
		3364B57F2678FD3A0066A0D0 = {
			isa = PBXGroup;
			children = (
				3364B58A2678FD3A0066A0D0 /* createTable */,
				3364B5892678FD3A0066A0D0 /* Products */,
			);
			sourceTree = "<group>";
		};
		3364B5892678FD3A0066A0D0 /* Products */ = {
			isa = PBXGroup;
			children = (
				3364B5882678FD3A0066A0D0 /* createTable.app */,
			);
			name = Products;
			sourceTree = "<group>";
		};
		3364B58A2678FD3A0066A0D0 /* createTable */ = {
			isa = PBXGroup;
			children = (
				3364B58B2678FD3A0066A0D0 /* AppDelegate.swift */,
				3364B58D2678FD3A0066A0D0 /* SceneDelegate.swift */,
				3364B58F2678FD3A0066A0D0 /* ViewController.swift */,
				3364B5912678FD3A0066A0D0 /* Main.storyboard */,
				3364B5972678FD3B0066A0D0 /* Assets.xcassets */,
				3364B5992678FD3B0066A0D0 /* LaunchScreen.storyboard */,
				3364B59C2678FD3B0066A0D0 /* Info.plist */,
				3364B5942678FD3A0066A0D0 /* createTable.xcdatamodeld */,
			);
			path = createTable;
			sourceTree = "<group>";
		};
/* End PBXGroup section */

/* Begin PBXNativeTarget section */
		3364B5872678FD3A0066A0D0 /* createTable */ = {
			isa = PBXNativeTarget;
			buildConfigurationList = 3364B59F2678FD3B0066A0D0 /* Build configuration list for PBXNativeTarget "createTable" */;
			buildPhases = (
				3364B5842678FD3A0066A0D0 /* Sources */,
				3364B5852678FD3A0066A0D0 /* Frameworks */,
				3364B5862678FD3A0066A0D0 /* Resources */,
			);
			buildRules = (
			);
			dependencies = (
			);
			name = createTable;
			productName = createTable;
			productReference = 3364B5882678FD3A0066A0D0 /* createTable.app */;
			productType = "com.apple.product-type.application";
		};
/* End PBXNativeTarget section */

/* Begin PBXProject section */
		3364B5802678FD3A0066A0D0 /* Project object */ = {
			isa = PBXProject;
			attributes = {
				LastSwiftUpdateCheck = 1250;
				LastUpgradeCheck = 1250;
				TargetAttributes = {
					3364B5872678FD3A0066A0D0 = {
						CreatedOnToolsVersion = 12.5;
					};
				};
			};
			buildConfigurationList = 3364B5832678FD3A0066A0D0 /* Build configuration list for PBXProject "createTable" */;
			compatibilityVersion = "Xcode 9.3";
			developmentRegion = en;
			hasScannedForEncodings = 0;
			knownRegions = (
				en,
				Base,
			);
			mainGroup = 3364B57F2678FD3A0066A0D0;
			productRefGroup = 3364B5892678FD3A0066A0D0 /* Products */;
			projectDirPath = "";
			projectRoot = "";
			targets = (
				3364B5872678FD3A0066A0D0 /* createTable */,
			);
		};
/* End PBXProject section */

/* Begin PBXResourcesBuildPhase section */
		3364B5862678FD3A0066A0D0 /* Resources */ = {
			isa = PBXResourcesBuildPhase;
			buildActionMask = 2147483647;
			files = (
				3364B59B2678FD3B0066A0D0 /* LaunchScreen.storyboard in Resources */,
				3364B5982678FD3B0066A0D0 /* Assets.xcassets in Resources */,
				3364B5932678FD3A0066A0D0 /* Main.storyboard in Resources */,
			);
			runOnlyForDeploymentPostprocessing = 0;
		};
/* End PBXResourcesBuildPhase section */

/* Begin PBXSourcesBuildPhase section */
		3364B5842678FD3A0066A0D0 /* Sources */ = {
			isa = PBXSourcesBuildPhase;
			buildActionMask = 2147483647;
			files = (
				3364B5962678FD3A0066A0D0 /* createTable.xcdatamodeld in Sources */,
				3364B5902678FD3A0066A0D0 /* ViewController.swift in Sources */,
				3364B58C2678FD3A0066A0D0 /* AppDelegate.swift in Sources */,
				3364B58E2678FD3A0066A0D0 /* SceneDelegate.swift in Sources */,
			);
			runOnlyForDeploymentPostprocessing = 0;
		};
/* End PBXSourcesBuildPhase section */

/* Begin PBXVariantGroup section */
		3364B5912678FD3A0066A0D0 /* Main.storyboard */ = {
			isa = PBXVariantGroup;
			children = (
				3364B5922678FD3A0066A0D0 /* Base */,
			);
			name = Main.storyboard;
			sourceTree = "<group>";
		};
		3364B5992678FD3B0066A0D0 /* LaunchScreen.storyboard */ = {
			isa = PBXVariantGroup;
			children = (
				3364B59A2678FD3B0066A0D0 /* Base */,
			);
			name = LaunchScreen.storyboard;
			sourceTree = "<group>";
		};
/* End PBXVariantGroup section */

/* Begin XCBuildConfiguration section */
		3364B59D2678FD3B0066A0D0 /* Debug */ = {
			isa = XCBuildConfiguration;
			buildSettings = {
				ALWAYS_SEARCH_USER_PATHS = NO;
				CLANG_ANALYZER_NONNULL = YES;
				CLANG_ANALYZER_NUMBER_OBJECT_CONVERSION = YES_AGGRESSIVE;
				CLANG_CXX_LANGUAGE_STANDARD = "gnu++14";
				CLANG_CXX_LIBRARY = "libc++";
				CLANG_ENABLE_MODULES = YES;
				CLANG_ENABLE_OBJC_ARC = YES;
				CLANG_ENABLE_OBJC_WEAK = YES;
				CLANG_WARN_BLOCK_CAPTURE_AUTORELEASING = YES;
				CLANG_WARN_BOOL_CONVERSION = YES;
				CLANG_WARN_COMMA = YES;
				CLANG_WARN_CONSTANT_CONVERSION = YES;
				CLANG_WARN_DEPRECATED_OBJC_IMPLEMENTATIONS = YES;
				CLANG_WARN_DIRECT_OBJC_ISA_USAGE = YES_ERROR;
				CLANG_WARN_DOCUMENTATION_COMMENTS = YES;
				CLANG_WARN_EMPTY_BODY = YES;
				CLANG_WARN_ENUM_CONVERSION = YES;
				CLANG_WARN_INFINITE_RECURSION = YES;
				CLANG_WARN_INT_CONVERSION = YES;
				CLANG_WARN_NON_LITERAL_NULL_CONVERSION = YES;
				CLANG_WARN_OBJC_IMPLICIT_RETAIN_SELF = YES;
				CLANG_WARN_OBJC_LITERAL_CONVERSION = YES;
				CLANG_WARN_OBJC_ROOT_CLASS = YES_ERROR;
				CLANG_WARN_QUOTED_INCLUDE_IN_FRAMEWORK_HEADER = YES;
				CLANG_WARN_RANGE_LOOP_ANALYSIS = YES;
				CLANG_WARN_STRICT_PROTOTYPES = YES;
				CLANG_WARN_SUSPICIOUS_MOVE = YES;
				CLANG_WARN_UNGUARDED_AVAILABILITY = YES_AGGRESSIVE;
				CLANG_WARN_UNREACHABLE_CODE = YES;
				CLANG_WARN__DUPLICATE_METHOD_MATCH = YES;
				COPY_PHASE_STRIP = NO;
				DEBUG_INFORMATION_FORMAT = dwarf;
				ENABLE_STRICT_OBJC_MSGSEND = YES;
				ENABLE_TESTABILITY = YES;
				GCC_C_LANGUAGE_STANDARD = gnu11;
				GCC_DYNAMIC_NO_PIC = NO;
				GCC_NO_COMMON_BLOCKS = YES;
				GCC_OPTIMIZATION_LEVEL = 0;
				GCC_PREPROCESSOR_DEFINITIONS = (
					"DEBUG=1",
					"$(inherited)",
				);
				GCC_WARN_64_TO_32_BIT_CONVERSION = YES;
				GCC_WARN_ABOUT_RETURN_TYPE = YES_ERROR;
				GCC_WARN_UNDECLARED_SELECTOR = YES;
				GCC_WARN_UNINITIALIZED_AUTOS = YES_AGGRESSIVE;
				GCC_WARN_UNUSED_FUNCTION = YES;
				GCC_WARN_UNUSED_VARIABLE = YES;
				IPHONEOS_DEPLOYMENT_TARGET = 14.5;
				MTL_ENABLE_DEBUG_INFO = INCLUDE_SOURCE;
				MTL_FAST_MATH = YES;
				ONLY_ACTIVE_ARCH = YES;
				SDKROOT = iphoneos;
				SWIFT_ACTIVE_COMPILATION_CONDITIONS = DEBUG;
				SWIFT_OPTIMIZATION_LEVEL = "-Onone";
			};
			name = Debug;
		};
		3364B59E2678FD3B0066A0D0 /* Release */ = {
			isa = XCBuildConfiguration;
			buildSettings = {
				ALWAYS_SEARCH_USER_PATHS = NO;
				CLANG_ANALYZER_NONNULL = YES;
				CLANG_ANALYZER_NUMBER_OBJECT_CONVERSION = YES_AGGRESSIVE;
				CLANG_CXX_LANGUAGE_STANDARD = "gnu++14";
				CLANG_CXX_LIBRARY = "libc++";
				CLANG_ENABLE_MODULES = YES;
				CLANG_ENABLE_OBJC_ARC = YES;
				CLANG_ENABLE_OBJC_WEAK = YES;
				CLANG_WARN_BLOCK_CAPTURE_AUTORELEASING = YES;
				CLANG_WARN_BOOL_CONVERSION = YES;
				CLANG_WARN_COMMA = YES;
				CLANG_WARN_CONSTANT_CONVERSION = YES;
				CLANG_WARN_DEPRECATED_OBJC_IMPLEMENTATIONS = YES;
				CLANG_WARN_DIRECT_OBJC_ISA_USAGE = YES_ERROR;
				CLANG_WARN_DOCUMENTATION_COMMENTS = YES;
				CLANG_WARN_EMPTY_BODY = YES;
				CLANG_WARN_ENUM_CONVERSION = YES;
				CLANG_WARN_INFINITE_RECURSION = YES;
				CLANG_WARN_INT_CONVERSION = YES;
				CLANG_WARN_NON_LITERAL_NULL_CONVERSION = YES;
				CLANG_WARN_OBJC_IMPLICIT_RETAIN_SELF = YES;
				CLANG_WARN_OBJC_LITERAL_CONVERSION = YES;
				CLANG_WARN_OBJC_ROOT_CLASS = YES_ERROR;
				CLANG_WARN_QUOTED_INCLUDE_IN_FRAMEWORK_HEADER = YES;
				CLANG_WARN_RANGE_LOOP_ANALYSIS = YES;
				CLANG_WARN_STRICT_PROTOTYPES = YES;
				CLANG_WARN_SUSPICIOUS_MOVE = YES;
				CLANG_WARN_UNGUARDED_AVAILABILITY = YES_AGGRESSIVE;
				CLANG_WARN_UNREACHABLE_CODE = YES;
				CLANG_WARN__DUPLICATE_METHOD_MATCH = YES;
				COPY_PHASE_STRIP = NO;
				DEBUG_INFORMATION_FORMAT = "dwarf-with-dsym";
				ENABLE_NS_ASSERTIONS = NO;
				ENABLE_STRICT_OBJC_MSGSEND = YES;
				GCC_C_LANGUAGE_STANDARD = gnu11;
				GCC_NO_COMMON_BLOCKS = YES;
				GCC_WARN_64_TO_32_BIT_CONVERSION = YES;
				GCC_WARN_ABOUT_RETURN_TYPE = YES_ERROR;
				GCC_WARN_UNDECLARED_SELECTOR = YES;
				GCC_WARN_UNINITIALIZED_AUTOS = YES_AGGRESSIVE;
				GCC_WARN_UNUSED_FUNCTION = YES;
				GCC_WARN_UNUSED_VARIABLE = YES;
				IPHONEOS_DEPLOYMENT_TARGET = 14.5;
				MTL_ENABLE_DEBUG_INFO = NO;
				MTL_FAST_MATH = YES;
				SDKROOT = iphoneos;
				SWIFT_COMPILATION_MODE = wholemodule;
				SWIFT_OPTIMIZATION_LEVEL = "-O";
				VALIDATE_PRODUCT = YES;
			};
			name = Release;
		};
		3364B5A02678FD3B0066A0D0 /* Debug */ = {
			isa = XCBuildConfiguration;
			buildSettings = {
				ASSETCATALOG_COMPILER_APPICON_NAME = AppIcon;
				ASSETCATALOG_COMPILER_GLOBAL_ACCENT_COLOR_NAME = AccentColor;
				CODE_SIGN_STYLE = Automatic;
				DEVELOPMENT_TEAM = 4B4Z2G8C32;
				INFOPLIST_FILE = createTable/Info.plist;
				LD_RUNPATH_SEARCH_PATHS = (
					"$(inherited)",
					"@executable_path/Frameworks",
				);
				PRODUCT_BUNDLE_IDENTIFIER = com.createTable;
				PRODUCT_NAME = "$(TARGET_NAME)";
				SWIFT_VERSION = 5.0;
				TARGETED_DEVICE_FAMILY = "1,2";
			};
			name = Debug;
		};
		3364B5A12678FD3B0066A0D0 /* Release */ = {
			isa = XCBuildConfiguration;
			buildSettings = {
				ASSETCATALOG_COMPILER_APPICON_NAME = AppIcon;
				ASSETCATALOG_COMPILER_GLOBAL_ACCENT_COLOR_NAME = AccentColor;
				CODE_SIGN_STYLE = Automatic;
				DEVELOPMENT_TEAM = 4B4Z2G8C32;
				INFOPLIST_FILE = createTable/Info.plist;
				LD_RUNPATH_SEARCH_PATHS = (
					"$(inherited)",
					"@executable_path/Frameworks",
				);
				PRODUCT_BUNDLE_IDENTIFIER = com.createTable;
				PRODUCT_NAME = "$(TARGET_NAME)";
				SWIFT_VERSION = 5.0;
				TARGETED_DEVICE_FAMILY = "1,2";
			};
			name = Release;
		};
/* End XCBuildConfiguration section */

/* Begin XCConfigurationList section */
		3364B5832678FD3A0066A0D0 /* Build configuration list for PBXProject "createTable" */ = {
			isa = XCConfigurationList;
			buildConfigurations = (
				3364B59D2678FD3B0066A0D0 /* Debug */,
				3364B59E2678FD3B0066A0D0 /* Release */,
			);
			defaultConfigurationIsVisible = 0;
			defaultConfigurationName = Release;
		};
		3364B59F2678FD3B0066A0D0 /* Build configuration list for PBXNativeTarget "createTable" */ = {
			isa = XCConfigurationList;
			buildConfigurations = (
				3364B5A02678FD3B0066A0D0 /* Debug */,
				3364B5A12678FD3B0066A0D0 /* Release */,
			);
			defaultConfigurationIsVisible = 0;
			defaultConfigurationName = Release;
		};
/* End XCConfigurationList section */

/* Begin XCVersionGroup section */
		3364B5942678FD3A0066A0D0 /* createTable.xcdatamodeld */ = {
			isa = XCVersionGroup;
			children = (
				3364B5952678FD3A0066A0D0 /* createTable.xcdatamodel */,
			);
			currentVersion = 3364B5952678FD3A0066A0D0 /* createTable.xcdatamodel */;
			path = createTable.xcdatamodeld;
			sourceTree = "<group>";
			versionGroupType = wrapper.xcdatamodel;
		};
/* End XCVersionGroup section */
	};
	rootObject = 3364B5802678FD3A0066A0D0 /* Project object */;
}
